{
  "name": "svelte-tooltip-action",
  "version": "1.0.4",
  "lockfileVersion": 1,
  "requires": true,
  "dependencies": {
    "@types/node": {
      "version": "15.12.4",
      "resolved": "https://registry.npmjs.org/@types/node/-/node-15.12.4.tgz",
      "integrity": "sha512-zrNj1+yqYF4WskCMOHwN+w9iuD12+dGm0rQ35HLl9/Ouuq52cEtd0CH9qMgrdNmi5ejC1/V7vKEXYubB+65DkA==",
      "dev": true
    },
    "@types/pug": {
      "version": "2.0.4",
      "resolved": "https://registry.npmjs.org/@types/pug/-/pug-2.0.4.tgz",
      "integrity": "sha1-h3L80EGOPNLMFxVV1zAHQVBR9LI=",
      "dev": true
    },
    "@types/resolve": {
      "version": "0.0.8",
      "resolved": "https://registry.npmjs.org/@types/resolve/-/resolve-0.0.8.tgz",
      "integrity": "sha512-auApPaJf3NPfe18hSoJkp8EbZzer2ISk7o8mCC3M9he/a04+gbMF97NkpD2S8riMGvm4BMRI59/SZQSaLTKpsQ==",
      "dev": true,
      "requires": {
        "@types/node": "*"
      }
    },
    "@types/sass": {
      "version": "1.16.0",
      "resolved": "https://registry.npmjs.org/@types/sass/-/sass-1.16.0.tgz",
      "integrity": "sha512-2XZovu4NwcqmtZtsBR5XYLw18T8cBCnU2USFHTnYLLHz9fkhnoEMoDsqShJIOFsFhn5aJHjweiUUdTrDGujegA==",
      "dev": true,
      "requires": {
        "@types/node": "*"
      }
    },
    "anymatch": {
      "version": "3.1.2",
      "resolved": "https://registry.npmjs.org/anymatch/-/anymatch-3.1.2.tgz",
      "integrity": "sha512-P43ePfOAIupkguHUycrc4qJ9kz8ZiuOUijaETwX7THt0Y/GNK7v0aa8rY816xWjZ7rJdA5XdMcpVFTKMq+RvWg==",
      "dev": true,
      "requires": {
        "normalize-path": "^3.0.0",
        "picomatch": "^2.0.4"
      }
    },
    "binary-extensions": {
      "version": "2.2.0",
      "resolved": "https://registry.npmjs.org/binary-extensions/-/binary-extensions-2.2.0.tgz",
      "integrity": "sha512-jDctJ/IVQbZoJykoeHbhXpOlNBqGNcwXJKJog42E5HDPUwQTSdjCHdihjj0DlnheQ7blbT6dHOafNAiS8ooQKA==",
      "dev": true
    },
    "braces": {
      "version": "3.0.2",
      "resolved": "https://registry.npmjs.org/braces/-/braces-3.0.2.tgz",
      "integrity": "sha512-b8um+L1RzM3WDSzvhm6gIz1yfTbBt6YTlcEKAvsmqCZZFw46z626lVj9j1yEPW33H5H+lBQpZMP1k8l+78Ha0A==",
      "dev": true,
      "requires": {
        "fill-range": "^7.0.1"
      }
    },
    "builtin-modules": {
      "version": "3.2.0",
      "resolved": "https://registry.npmjs.org/builtin-modules/-/builtin-modules-3.2.0.tgz",
      "integrity": "sha512-lGzLKcioL90C7wMczpkY0n/oART3MbBa8R9OFGE1rJxoVI86u4WAGfEk8Wjv10eKSyTHVGkSo3bvBylCEtk7LA==",
      "dev": true
    },
    "chokidar": {
      "version": "3.5.2",
      "resolved": "https://registry.npmjs.org/chokidar/-/chokidar-3.5.2.tgz",
      "integrity": "sha512-ekGhOnNVPgT77r4K/U3GDhu+FQ2S8TnK/s2KbIGXi0SZWuwkZ2QNyfWdZW+TVfn84DpEP7rLeCt2UI6bJ8GwbQ==",
      "dev": true,
      "requires": {
        "anymatch": "~3.1.2",
        "braces": "~3.0.2",
        "fsevents": "~2.3.2",
        "glob-parent": "~5.1.2",
        "is-binary-path": "~2.1.0",
        "is-glob": "~4.0.1",
        "normalize-path": "~3.0.0",
        "readdirp": "~3.6.0"
      }
    },
    "detect-indent": {
      "version": "6.1.0",
      "resolved": "https://registry.npmjs.org/detect-indent/-/detect-indent-6.1.0.tgz",
      "integrity": "sha512-reYkTUJAZb9gUuZ2RvVCNhVHdg62RHnJ7WJl8ftMi4diZ6NWlciOzQN88pUhSELEwflJht4oQDv0F0BMlwaYtA==",
      "dev": true
    },
    "estree-walker": {
      "version": "0.6.1",
      "resolved": "https://registry.npmjs.org/estree-walker/-/estree-walker-0.6.1.tgz",
      "integrity": "sha512-SqmZANLWS0mnatqbSfRP5g8OXZC12Fgg1IwNtLsyHDzJizORW4khDfjPqJZsemPWBB2uqykUah5YpQ6epsqC/w==",
      "dev": true
    },
    "fill-range": {
      "version": "7.0.1",
      "resolved": "https://registry.npmjs.org/fill-range/-/fill-range-7.0.1.tgz",
      "integrity": "sha512-qOo9F+dMUmC2Lcb4BbVvnKJxTPjCm+RRpe4gDuGrzkL7mEVl/djYSu2OdQ2Pa302N4oqkSg9ir6jaLWJ2USVpQ==",
      "dev": true,
      "requires": {
        "to-regex-range": "^5.0.1"
      }
    },
    "fsevents": {
      "version": "2.3.2",
      "resolved": "https://registry.npmjs.org/fsevents/-/fsevents-2.3.2.tgz",
      "integrity": "sha512-xiqMQR4xAeHTuB9uWm+fFRcIOgKBMiOBP+eXiyT7jsgVCq1bkVygt00oASowB7EdtpOHaaPgKt812P9ab+DDKA==",
      "dev": true,
      "optional": true
    },
    "function-bind": {
      "version": "1.1.1",
      "resolved": "https://registry.npmjs.org/function-bind/-/function-bind-1.1.1.tgz",
      "integrity": "sha512-yIovAzMX49sF8Yl58fSCWJ5svSLuaibPxXQJFLmBObTuCr0Mf1KiPopGM9NiFjiYBCbfaa2Fh6breQ6ANVTI0A==",
      "dev": true
    },
    "glob-parent": {
      "version": "5.1.2",
      "resolved": "https://registry.npmjs.org/glob-parent/-/glob-parent-5.1.2.tgz",
      "integrity": "sha512-AOIgSQCepiJYwP3ARnGx+5VnTu2HBYdzbGP45eLw1vr3zB3vZLeyed1sC9hnbcOc9/SrMyM5RPQrkGz4aS9Zow==",
      "dev": true,
      "requires": {
        "is-glob": "^4.0.1"
      }
    },
    "has": {
      "version": "1.0.3",
      "resolved": "https://registry.npmjs.org/has/-/has-1.0.3.tgz",
      "integrity": "sha512-f2dvO0VU6Oej7RkWJGrehjbzMAjFp5/VKPp5tTpWIV4JHHZK1/BxbFRtf/siA2SWTe09caDmVtYYzWEIbBS4zw==",
      "dev": true,
      "requires": {
        "function-bind": "^1.1.1"
      }
    },
    "is-binary-path": {
      "version": "2.1.0",
      "resolved": "https://registry.npmjs.org/is-binary-path/-/is-binary-path-2.1.0.tgz",
      "integrity": "sha512-ZMERYes6pDydyuGidse7OsHxtbI7WVeUEozgR/g7rd0xUimYNlvZRE/K2MgZTjWy725IfelLeVcEM97mmtRGXw==",
      "dev": true,
      "requires": {
        "binary-extensions": "^2.0.0"
      }
    },
    "is-core-module": {
      "version": "2.4.0",
      "resolved": "https://registry.npmjs.org/is-core-module/-/is-core-module-2.4.0.tgz",
      "integrity": "sha512-6A2fkfq1rfeQZjxrZJGerpLCTHRNEBiSgnu0+obeJpEPZRUooHgsizvzv0ZjJwOz3iWIHdJtVWJ/tmPr3D21/A==",
      "dev": true,
      "requires": {
        "has": "^1.0.3"
      }
    },
    "is-extglob": {
      "version": "2.1.1",
      "resolved": "https://registry.npmjs.org/is-extglob/-/is-extglob-2.1.1.tgz",
      "integrity": "sha1-qIwCU1eR8C7TfHahueqXc8gz+MI=",
      "dev": true
    },
    "is-glob": {
      "version": "4.0.1",
      "resolved": "https://registry.npmjs.org/is-glob/-/is-glob-4.0.1.tgz",
      "integrity": "sha512-5G0tKtBTFImOqDnLB2hG6Bp2qcKEFduo4tZu9MT/H6NQv/ghhy30o55ufafxJ/LdH79LLs2Kfrn85TLKyA7BUg==",
      "dev": true,
      "requires": {
        "is-extglob": "^2.1.1"
      }
    },
    "is-module": {
      "version": "1.0.0",
      "resolved": "https://registry.npmjs.org/is-module/-/is-module-1.0.0.tgz",
      "integrity": "sha1-Mlj7afeMFNW4FdZkM2tM/7ZEFZE=",
      "dev": true
    },
    "is-number": {
      "version": "7.0.0",
      "resolved": "https://registry.npmjs.org/is-number/-/is-number-7.0.0.tgz",
      "integrity": "sha512-41Cifkg6e8TylSpdtTpeLVMqvSBEVzTttHvERD741+pnZ8ANv0004MRL43QKPDlK9cGvNp6NZWZUBlbGXYxxng==",
      "dev": true
    },
    "min-indent": {
      "version": "1.0.1",
      "resolved": "https://registry.npmjs.org/min-indent/-/min-indent-1.0.1.tgz",
      "integrity": "sha512-I9jwMn07Sy/IwOj3zVkVik2JTvgpaykDZEigL6Rx6N9LbMywwUSMtxET+7lVoDLLd3O3IXwJwvuuns8UB/HeAg==",
      "dev": true
    },
    "normalize-path": {
      "version": "3.0.0",
      "resolved": "https://registry.npmjs.org/normalize-path/-/normalize-path-3.0.0.tgz",
      "integrity": "sha512-6eZs5Ls3WtCisHWp9S2GUy8dqkpGi4BVSz3GaqiE6ezub0512ESztXUwUB6C6IKbQkY2Pnb/mD4WYojCRwcwLA==",
      "dev": true
    },
    "path-parse": {
      "version": "1.0.7",
      "resolved": "https://registry.npmjs.org/path-parse/-/path-parse-1.0.7.tgz",
      "integrity": "sha512-LDJzPVEEEPR+y48z93A0Ed0yXb8pAByGWo/k5YYdYgpY2/2EsOsksJrq7lOHxryrVOn1ejG6oAp8ahvOIQD8sw==",
      "dev": true
    },
    "picomatch": {
      "version": "2.3.0",
      "resolved": "https://registry.npmjs.org/picomatch/-/picomatch-2.3.0.tgz",
      "integrity": "sha512-lY1Q/PiJGC2zOv/z391WOTD+Z02bCgsFfvxoXXf6h7kv9o+WmsmzYqrAwY63sNgOxE4xEdq0WyUnXfKeBrSvYw==",
      "dev": true
    },
    "prettier": {
      "version": "2.3.1",
      "resolved": "https://registry.npmjs.org/prettier/-/prettier-2.3.1.tgz",
      "integrity": "sha512-p+vNbgpLjif/+D+DwAZAbndtRrR0md0MwfmOVN9N+2RgyACMT+7tfaRnT+WDPkqnuVwleyuBIG2XBxKDme3hPA==",
      "dev": true
    },
    "prettier-plugin-svelte": {
      "version": "2.3.1",
      "resolved": "https://registry.npmjs.org/prettier-plugin-svelte/-/prettier-plugin-svelte-2.3.1.tgz",
      "integrity": "sha512-F1/r6OYoBq8Zgurhs1MN25tdrhPw0JW5JjioPRqpxbYdmrZ3gY/DzHGs0B6zwd4DLyRsfGB2gqhxUCbHt/D1fw==",
      "dev": true
    },
    "readdirp": {
      "version": "3.6.0",
      "resolved": "https://registry.npmjs.org/readdirp/-/readdirp-3.6.0.tgz",
      "integrity": "sha512-hOS089on8RduqdbhvQ5Z37A0ESjsqz6qnRcffsMU3495FuTdqSm+7bhJ29JvIOsBDEEnan5DPu9t3To9VRlMzA==",
      "dev": true,
      "requires": {
        "picomatch": "^2.2.1"
      }
    },
    "require-relative": {
      "version": "0.8.7",
      "resolved": "https://registry.npmjs.org/require-relative/-/require-relative-0.8.7.tgz",
      "integrity": "sha1-eZlTn8ngR6N5KPoZb44VY9q9Nt4=",
      "dev": true
    },
    "resolve": {
      "version": "1.20.0",
      "resolved": "https://registry.npmjs.org/resolve/-/resolve-1.20.0.tgz",
      "integrity": "sha512-wENBPt4ySzg4ybFQW2TT1zMQucPK95HSh/nq2CFTZVOGut2+pQvSsgtda4d26YrYcr067wjbmzOG8byDPBX63A==",
      "dev": true,
      "requires": {
        "is-core-module": "^2.2.0",
        "path-parse": "^1.0.6"
      }
    },
    "rollup": {
      "version": "2.52.2",
      "resolved": "https://registry.npmjs.org/rollup/-/rollup-2.52.2.tgz",
      "integrity": "sha512-4RlFC3k2BIHlUsJ9mGd8OO+9Lm2eDF5P7+6DNQOp5sx+7N/1tFM01kELfbxlMX3MxT6owvLB1ln4S3QvvQlbUA==",
      "dev": true,
      "requires": {
        "fsevents": "~2.3.2"
      }
    },
    "rollup-plugin-node-resolve": {
      "version": "5.2.0",
      "resolved": "https://registry.npmjs.org/rollup-plugin-node-resolve/-/rollup-plugin-node-resolve-5.2.0.tgz",
      "integrity": "sha512-jUlyaDXts7TW2CqQ4GaO5VJ4PwwaV8VUGA7+km3n6k6xtOEacf61u0VXwN80phY/evMcaS+9eIeJ9MOyDxt5Zw==",
      "dev": true,
      "requires": {
        "@types/resolve": "0.0.8",
        "builtin-modules": "^3.1.0",
        "is-module": "^1.0.0",
        "resolve": "^1.11.1",
        "rollup-pluginutils": "^2.8.1"
      }
    },
    "rollup-plugin-svelte": {
      "version": "7.1.0",
      "resolved": "https://registry.npmjs.org/rollup-plugin-svelte/-/rollup-plugin-svelte-7.1.0.tgz",
      "integrity": "sha512-vopCUq3G+25sKjwF5VilIbiY6KCuMNHP1PFvx2Vr3REBNMDllKHFZN2B9jwwC+MqNc3UPKkjXnceLPEjTjXGXg==",
      "dev": true,
      "requires": {
        "require-relative": "^0.8.7",
        "rollup-pluginutils": "^2.8.2"
      }
    },
    "rollup-pluginutils": {
      "version": "2.8.2",
      "resolved": "https://registry.npmjs.org/rollup-pluginutils/-/rollup-pluginutils-2.8.2.tgz",
      "integrity": "sha512-EEp9NhnUkwY8aif6bxgovPHMoMoNr2FulJziTndpt5H9RdwC47GSGuII9XxpSdzVGM0GWrNPHV6ie1LTNJPaLQ==",
      "dev": true,
      "requires": {
        "estree-walker": "^0.6.1"
      }
    },
    "sass": {
      "version": "1.35.1",
      "resolved": "https://registry.npmjs.org/sass/-/sass-1.35.1.tgz",
      "integrity": "sha512-oCisuQJstxMcacOPmxLNiLlj4cUyN2+8xJnG7VanRoh2GOLr9RqkvI4AxA4a6LHVg/rsu+PmxXeGhrdSF9jCiQ==",
      "dev": true,
      "requires": {
        "chokidar": ">=3.0.0 <4.0.0"
      }
    },
    "strip-indent": {
      "version": "3.0.0",
      "resolved": "https://registry.npmjs.org/strip-indent/-/strip-indent-3.0.0.tgz",
      "integrity": "sha512-laJTa3Jb+VQpaC6DseHhF7dXVqHTfJPCRDaEbid/drOhgitgYku/letMUqOXFoWV0zIIUbjpdH2t+tYj4bQMRQ==",
      "dev": true,
      "requires": {
        "min-indent": "^1.0.0"
      }
    },
    "svelte": {
      "version": "3.38.2",
      "resolved": "https://registry.npmjs.org/svelte/-/svelte-3.38.2.tgz",
      "integrity": "sha512-q5Dq0/QHh4BLJyEVWGe7Cej5NWs040LWjMbicBGZ+3qpFWJ1YObRmUDZKbbovddLC9WW7THTj3kYbTOFmU9fbg==",
      "dev": true
    },
    "svelte-preprocess": {
      "version": "4.7.3",
      "resolved": "https://registry.npmjs.org/svelte-preprocess/-/svelte-preprocess-4.7.3.tgz",
      "integrity": "sha512-Zx1/xLeGOIBlZMGPRCaXtlMe4ZA0faato5Dc3CosEqwu75MIEPuOstdkH6cy+RYTUYynoxzNaDxkPX4DbrPwRA==",
      "dev": true,
      "requires": {
        "@types/pug": "^2.0.4",
        "@types/sass": "^1.16.0",
        "detect-indent": "^6.0.0",
        "strip-indent": "^3.0.0"
      }
    },
    "to-regex-range": {
      "version": "5.0.1",
      "resolved": "https://registry.npmjs.org/to-regex-range/-/to-regex-range-5.0.1.tgz",
      "integrity": "sha512-65P7iz6X5yEr1cwcgvQxbbIw7Uk3gOy5dIdtZ4rDveLqhrdJP+Li/Hx6tyK0NEb+2GCyneCMJiGqrADCSNk8sQ==",
      "dev": true,
      "requires": {
        "is-number": "^7.0.0"
      }
    }
  }
}
